
Microsoft Visual Studio Solution File, Format Version 12.00
# Visual Studio 15
VisualStudioVersion = 15.0.28307.438
MinimumVisualStudioVersion = 10.0.40219.1
Project("{8BC9CEB8-8B4A-11D0-8D11-00A0C91BC942}") = "APIFRAMEWORK_TEST", "APIFRAMEWORK_TEST\Include\APIFRAMEWORK_TEST.vcxproj", "{C09A4BAF-574A-4092-B26C-652BD757E725}"
EndProject
Global
	GlobalSection(SolutionConfigurationPlatforms) = preSolution
		Debug|x64 = Debug|x64
		Debug|x86 = Debug|x86
		Release|x64 = Release|x64
		Release|x86 = Release|x86
	EndGlobalSection
	GlobalSection(ProjectConfigurationPlatforms) = postSolution
		{C09A4BAF-574A-4092-B26C-652BD757E725}.Debug|x64.ActiveCfg = Debug|x64
		{C09A4BAF-574A-4092-B26C-652BD757E725}.Debug|x64.Build.0 = Debug|x64
		{C09A4BAF-574A-4092-B26C-652BD757E725}.Debug|x86.ActiveCfg = Debug|Win32
		{C09A4BAF-574A-4092-B26C-652BD757E725}.Debug|x86.Build.0 = Debug|Win32
		{C09A4BAF-574A-4092-B26C-652BD757E725}.Release|x64.ActiveCfg = Release|x64
		{C09A4BAF-574A-4092-B26C-652BD757E725}.Release|x64.Build.0 = Release|x64
		{C09A4BAF-574A-4092-B26C-652BD757E725}.Release|x86.ActiveCfg = Release|Win32
		{C09A4BAF-574A-4092-B26C-652BD757E725}.Release|x86.Build.0 = Release|Win32
	EndGlobalSection
	GlobalSection(SolutionProperties) = preSolution
		HideSolutionNode = FALSE
	EndGlobalSection
	GlobalSection(ExtensibilityGlobals) = postSolution
		SolutionGuid = {88A3E36C-295B-4103-AE04-65A378AB2424}
	EndGlobalSection
EndGlobal
