<?xml version="1.0" encoding="utf-8"?>
<Project ToolsVersion="4.0" xmlns="http://schemas.microsoft.com/developer/msbuild/2003">
  <ItemGroup>
    <Filter Include="소스 파일">
      <UniqueIdentifier>{4FC737F1-C7A5-4376-A066-2A32D752A2FF}</UniqueIdentifier>
      <Extensions>cpp;c;cc;cxx;def;odl;idl;hpj;bat;asm;asmx</Extensions>
    </Filter>
    <Filter Include="헤더 파일">
      <UniqueIdentifier>{93995380-89BD-4b04-88EB-625FBE52EBFB}</UniqueIdentifier>
      <Extensions>h;hh;hpp;hxx;hm;inl;inc;ipp;xsd</Extensions>
    </Filter>
    <Filter Include="리소스 파일">
      <UniqueIdentifier>{67DA6AB6-F800-4c08-8B7A-83BB121AAD01}</UniqueIdentifier>
      <Extensions>rc;ico;cur;bmp;dlg;rc2;rct;bin;rgs;gif;jpg;jpeg;jpe;resx;tiff;tif;png;wav;mfcribbon-ms</Extensions>
    </Filter>
    <Filter Include="01.Core">
      <UniqueIdentifier>{595b7893-bb4c-41f4-b01d-c18c2c489953}</UniqueIdentifier>
    </Filter>
    <Filter Include="02.Scene">
      <UniqueIdentifier>{9f3ebf0b-44b1-4bf2-8c7c-59c873e0d844}</UniqueIdentifier>
    </Filter>
    <Filter Include="01.Core\01.Timer">
      <UniqueIdentifier>{b40b1dc8-ad77-4507-9ac1-3152b51abb1c}</UniqueIdentifier>
    </Filter>
    <Filter Include="02.Scene\01.Layer">
      <UniqueIdentifier>{02600a8c-6ee3-4a60-afbc-6e7818fcecb8}</UniqueIdentifier>
    </Filter>
    <Filter Include="03.Object">
      <UniqueIdentifier>{811b209d-6f9e-4391-88ab-027879d889f6}</UniqueIdentifier>
    </Filter>
    <Filter Include="03.Object\01.MoveObj">
      <UniqueIdentifier>{bdffcab9-2c09-4dbe-9290-a1887612acc1}</UniqueIdentifier>
    </Filter>
    <Filter Include="03.Object\02.StaticObj">
      <UniqueIdentifier>{8f8e676e-84f1-4209-a04b-52d0c08c0fb0}</UniqueIdentifier>
    </Filter>
    <Filter Include="03.Object\01.MoveObj\01.Player">
      <UniqueIdentifier>{e0f1b31f-d099-4d2c-a54a-ccb6b1597243}</UniqueIdentifier>
    </Filter>
    <Filter Include="03.Object\01.MoveObj\02.Monster">
      <UniqueIdentifier>{f7db9712-2e13-4170-86a6-1020c41782da}</UniqueIdentifier>
    </Filter>
    <Filter Include="03.Object\01.MoveObj\03.Bullet">
      <UniqueIdentifier>{e883e2fb-2c59-424a-8f37-6432f05c7c20}</UniqueIdentifier>
    </Filter>
    <Filter Include="01.Core\02.Path">
      <UniqueIdentifier>{5d2a6f9d-4479-4466-a64e-cd9776acc71e}</UniqueIdentifier>
    </Filter>
    <Filter Include="04.Resource">
      <UniqueIdentifier>{84064f7f-949e-46ed-9e6e-ccc2c652fb25}</UniqueIdentifier>
    </Filter>
    <Filter Include="03.Object\02.StaticObj\01.Stage">
      <UniqueIdentifier>{97616be9-1402-4230-a68c-578ece1304e9}</UniqueIdentifier>
    </Filter>
    <Filter Include="01.Core\03.Camera">
      <UniqueIdentifier>{90f1a335-9af3-4d44-a7cf-4808b34ab207}</UniqueIdentifier>
    </Filter>
    <Filter Include="01.Core\04.Input">
      <UniqueIdentifier>{848dafd2-15ef-4699-aff0-b2de0c37d5f0}</UniqueIdentifier>
    </Filter>
    <Filter Include="05.Collider">
      <UniqueIdentifier>{1694a9ae-ba75-4641-b6fc-38006f096e9f}</UniqueIdentifier>
    </Filter>
    <Filter Include="01.Core\05.Math">
      <UniqueIdentifier>{5dc91cb1-44e8-4774-ba23-027fde5ed0ef}</UniqueIdentifier>
    </Filter>
  </ItemGroup>
  <ItemGroup>
    <ClCompile Include="main.cpp">
      <Filter>소스 파일</Filter>
    </ClCompile>
    <ClCompile Include="Scene\SceneManager.cpp">
      <Filter>02.Scene</Filter>
    </ClCompile>
    <ClCompile Include="Scene\Scene.cpp">
      <Filter>02.Scene</Filter>
    </ClCompile>
    <ClCompile Include="Core.cpp">
      <Filter>01.Core</Filter>
    </ClCompile>
    <ClCompile Include="Core\Timer.cpp">
      <Filter>01.Core\01.Timer</Filter>
    </ClCompile>
    <ClCompile Include="Scene\Layer.cpp">
      <Filter>02.Scene\01.Layer</Filter>
    </ClCompile>
    <ClCompile Include="Scene\InGameScene.cpp">
      <Filter>02.Scene</Filter>
    </ClCompile>
    <ClCompile Include="Object\Obj.cpp">
      <Filter>03.Object</Filter>
    </ClCompile>
    <ClCompile Include="Ref.cpp">
      <Filter>01.Core</Filter>
    </ClCompile>
    <ClCompile Include="Object\StaticObj.cpp">
      <Filter>03.Object\02.StaticObj</Filter>
    </ClCompile>
    <ClCompile Include="Object\MoveObj.cpp">
      <Filter>03.Object\01.MoveObj</Filter>
    </ClCompile>
    <ClCompile Include="Object\Player.cpp">
      <Filter>03.Object\01.MoveObj\01.Player</Filter>
    </ClCompile>
    <ClCompile Include="Object\Minion.cpp">
      <Filter>03.Object\01.MoveObj\02.Monster</Filter>
    </ClCompile>
    <ClCompile Include="Object\Bullet.cpp">
      <Filter>03.Object\01.MoveObj\03.Bullet</Filter>
    </ClCompile>
    <ClCompile Include="Core\PathManager.cpp">
      <Filter>01.Core\02.Path</Filter>
    </ClCompile>
    <ClCompile Include="Resources\ResourcesManager.cpp">
      <Filter>04.Resource</Filter>
    </ClCompile>
    <ClCompile Include="Resources\Texture.cpp">
      <Filter>04.Resource</Filter>
    </ClCompile>
    <ClCompile Include="Object\Stage.cpp">
      <Filter>03.Object\02.StaticObj\01.Stage</Filter>
    </ClCompile>
    <ClCompile Include="Core\Camera.cpp">
      <Filter>01.Core\03.Camera</Filter>
    </ClCompile>
    <ClCompile Include="Core\Input.cpp">
      <Filter>01.Core\04.Input</Filter>
    </ClCompile>
    <ClCompile Include="Collider\Collider.cpp">
      <Filter>05.Collider</Filter>
    </ClCompile>
    <ClCompile Include="Collider\ColliderRect.cpp">
      <Filter>05.Collider</Filter>
    </ClCompile>
    <ClCompile Include="Collider\CollisionManager.cpp">
      <Filter>05.Collider</Filter>
    </ClCompile>
    <ClCompile Include="Collider\ColliderSphere.cpp">
      <Filter>05.Collider</Filter>
    </ClCompile>
    <ClCompile Include="Math.cpp">
      <Filter>소스 파일</Filter>
    </ClCompile>
    <ClCompile Include="Collider\ColliderPixel.cpp">
      <Filter>05.Collider</Filter>
    </ClCompile>
  </ItemGroup>
  <ItemGroup>
    <ClInclude Include="Game.h">
      <Filter>헤더 파일</Filter>
    </ClInclude>
    <ClInclude Include="Macro.h">
      <Filter>헤더 파일</Filter>
    </ClInclude>
    <ClInclude Include="resource.h">
      <Filter>헤더 파일</Filter>
    </ClInclude>
    <ClInclude Include="Types.h">
      <Filter>헤더 파일</Filter>
    </ClInclude>
    <ClInclude Include="Scene\SceneManager.h">
      <Filter>02.Scene</Filter>
    </ClInclude>
    <ClInclude Include="Scene\Scene.h">
      <Filter>02.Scene</Filter>
    </ClInclude>
    <ClInclude Include="Flag.h">
      <Filter>헤더 파일</Filter>
    </ClInclude>
    <ClInclude Include="Core.h">
      <Filter>01.Core</Filter>
    </ClInclude>
    <ClInclude Include="Core\Timer.h">
      <Filter>01.Core\01.Timer</Filter>
    </ClInclude>
    <ClInclude Include="Scene\Layer.h">
      <Filter>02.Scene\01.Layer</Filter>
    </ClInclude>
    <ClInclude Include="Scene\InGameScene.h">
      <Filter>02.Scene</Filter>
    </ClInclude>
    <ClInclude Include="Object\Obj.h">
      <Filter>03.Object</Filter>
    </ClInclude>
    <ClInclude Include="Ref.h">
      <Filter>01.Core</Filter>
    </ClInclude>
    <ClInclude Include="Object\StaticObj.h">
      <Filter>03.Object\02.StaticObj</Filter>
    </ClInclude>
    <ClInclude Include="Object\MoveObj.h">
      <Filter>03.Object\01.MoveObj</Filter>
    </ClInclude>
    <ClInclude Include="Object\Player.h">
      <Filter>03.Object\01.MoveObj\01.Player</Filter>
    </ClInclude>
    <ClInclude Include="Object\Minion.h">
      <Filter>03.Object\01.MoveObj\02.Monster</Filter>
    </ClInclude>
    <ClInclude Include="Object\Bullet.h">
      <Filter>03.Object\01.MoveObj\03.Bullet</Filter>
    </ClInclude>
    <ClInclude Include="Core\PathManager.h">
      <Filter>01.Core\02.Path</Filter>
    </ClInclude>
    <ClInclude Include="Resources\ResourcesManager.h">
      <Filter>04.Resource</Filter>
    </ClInclude>
    <ClInclude Include="Resources\Texture.h">
      <Filter>04.Resource</Filter>
    </ClInclude>
    <ClInclude Include="Object\Stage.h">
      <Filter>03.Object\02.StaticObj\01.Stage</Filter>
    </ClInclude>
    <ClInclude Include="Core\Camera.h">
      <Filter>01.Core\03.Camera</Filter>
    </ClInclude>
    <ClInclude Include="Core\Input.h">
      <Filter>01.Core\04.Input</Filter>
    </ClInclude>
    <ClInclude Include="Collider\Collider.h">
      <Filter>05.Collider</Filter>
    </ClInclude>
    <ClInclude Include="Collider\ColliderRect.h">
      <Filter>05.Collider</Filter>
    </ClInclude>
    <ClInclude Include="Collider\CollisionManager.h">
      <Filter>05.Collider</Filter>
    </ClInclude>
    <ClInclude Include="Collider\ColliderSphere.h">
      <Filter>05.Collider</Filter>
    </ClInclude>
    <ClInclude Include="Math.h">
      <Filter>헤더 파일</Filter>
    </ClInclude>
    <ClInclude Include="Collider\ColliderPixel.h">
      <Filter>05.Collider</Filter>
    </ClInclude>
  </ItemGroup>
  <ItemGroup>
    <ResourceCompile Include="APIFRAMEWORK_TEST.rc">
      <Filter>리소스 파일</Filter>
    </ResourceCompile>
  </ItemGroup>
  <ItemGroup>
    <Image Include="icon1.ico">
      <Filter>리소스 파일</Filter>
    </Image>
  </ItemGroup>
  <ItemGroup>
    <None Include="cpp.hint" />
  </ItemGroup>
</Project>